
Microsoft Visual Studio Solution File, Format Version 12.00
# Visual Studio Version 16
VisualStudioVersion = 16.6.30114.105
MinimumVisualStudioVersion = 10.0.40219.1
Project("{9A19103F-16F7-4668-BE54-9A1E7A4F7556}") = "R5T.T0062", "R5T.T0062\R5T.T0062.csproj", "{BD47D7EA-13CC-4717-B561-E604B8586C7C}"
EndProject
Project("{2150E333-8FDC-42A3-9474-1A3956D46DE8}") = "_Dependencies", "_Dependencies", "{04BFFE49-CA8F-4352-A6D9-8F8CA55531EF}"
EndProject
Project("{9A19103F-16F7-4668-BE54-9A1E7A4F7556}") = "R5T.T0039.T002", "..\..\R5T.T0039\source\R5T.T0039.T002\R5T.T0039.T002.csproj", "{8127AC00-ED3C-4680-BC78-F1650CEEBC74}"
EndProject
Project("{9A19103F-16F7-4668-BE54-9A1E7A4F7556}") = "R5T.T0062.X001", "R5T.T0062.X001\R5T.T0062.X001.csproj", "{AA74460C-E6A9-4300-8107-DB8530FD5A63}"
EndProject
Project("{9A19103F-16F7-4668-BE54-9A1E7A4F7556}") = "R5T.T0063", "..\..\R5T.T0063\source\R5T.T0063\R5T.T0063.csproj", "{812D419E-1835-4C95-A8FB-5C34D58F07F8}"
EndProject
Project("{9A19103F-16F7-4668-BE54-9A1E7A4F7556}") = "R5T.T0062.X002", "R5T.T0062.X002\R5T.T0062.X002.csproj", "{D29C272B-BD87-44B9-AB90-2C78EBB93BDE}"
EndProject
Project("{9A19103F-16F7-4668-BE54-9A1E7A4F7556}") = "R5T.T0067", "..\..\R5T.T0067\source\R5T.T0067\R5T.T0067.csproj", "{B851D302-7A31-4814-A1F9-44A144B9EB76}"
EndProject
Project("{9A19103F-16F7-4668-BE54-9A1E7A4F7556}") = "R5T.D0085.Base", "..\..\R5T.D0085\source\R5T.D0085.Base\R5T.D0085.Base.csproj", "{C2B5D90B-8A64-41A8-9DF1-C55A691B0308}"
EndProject
Project("{9A19103F-16F7-4668-BE54-9A1E7A4F7556}") = "R5T.T0067.X001", "..\..\R5T.T0067\source\R5T.T0067.X001\R5T.T0067.X001.csproj", "{F7B4A31E-7ED5-4B88-8E0D-915B8BDA709A}"
EndProject
Project("{9A19103F-16F7-4668-BE54-9A1E7A4F7556}") = "R5T.L0013", "..\..\R5T.L0013\source\R5T.L0013\R5T.L0013.csproj", "{444CC57E-CDF2-4A84-B4C3-BE1012CF4E8A}"
EndProject
Project("{9A19103F-16F7-4668-BE54-9A1E7A4F7556}") = "R5T.T0064", "..\..\R5T.T0064\source\R5T.T0064\R5T.T0064.csproj", "{9F32D21A-223E-4EE7-8843-4F7A13BCC035}"
EndProject
Project("{9A19103F-16F7-4668-BE54-9A1E7A4F7556}") = "R5T.Magyar", "..\..\R5T.Magyar\source\R5T.Magyar\R5T.Magyar.csproj", "{CE219E3C-E810-43DE-AFF3-ACFDFE045F3E}"
EndProject
Global
	GlobalSection(SolutionConfigurationPlatforms) = preSolution
		Debug|Any CPU = Debug|Any CPU
		Debug|x64 = Debug|x64
		Debug|x86 = Debug|x86
		Release|Any CPU = Release|Any CPU
		Release|x64 = Release|x64
		Release|x86 = Release|x86
	EndGlobalSection
	GlobalSection(ProjectConfigurationPlatforms) = postSolution
		{BD47D7EA-13CC-4717-B561-E604B8586C7C}.Debug|Any CPU.ActiveCfg = Debug|Any CPU
		{BD47D7EA-13CC-4717-B561-E604B8586C7C}.Debug|Any CPU.Build.0 = Debug|Any CPU
		{BD47D7EA-13CC-4717-B561-E604B8586C7C}.Debug|x64.ActiveCfg = Debug|Any CPU
		{BD47D7EA-13CC-4717-B561-E604B8586C7C}.Debug|x64.Build.0 = Debug|Any CPU
		{BD47D7EA-13CC-4717-B561-E604B8586C7C}.Debug|x86.ActiveCfg = Debug|Any CPU
		{BD47D7EA-13CC-4717-B561-E604B8586C7C}.Debug|x86.Build.0 = Debug|Any CPU
		{BD47D7EA-13CC-4717-B561-E604B8586C7C}.Release|Any CPU.ActiveCfg = Release|Any CPU
		{BD47D7EA-13CC-4717-B561-E604B8586C7C}.Release|Any CPU.Build.0 = Release|Any CPU
		{BD47D7EA-13CC-4717-B561-E604B8586C7C}.Release|x64.ActiveCfg = Release|Any CPU
		{BD47D7EA-13CC-4717-B561-E604B8586C7C}.Release|x64.Build.0 = Release|Any CPU
		{BD47D7EA-13CC-4717-B561-E604B8586C7C}.Release|x86.ActiveCfg = Release|Any CPU
		{BD47D7EA-13CC-4717-B561-E604B8586C7C}.Release|x86.Build.0 = Release|Any CPU
		{8127AC00-ED3C-4680-BC78-F1650CEEBC74}.Debug|Any CPU.ActiveCfg = Debug|Any CPU
		{8127AC00-ED3C-4680-BC78-F1650CEEBC74}.Debug|Any CPU.Build.0 = Debug|Any CPU
		{8127AC00-ED3C-4680-BC78-F1650CEEBC74}.Debug|x64.ActiveCfg = Debug|Any CPU
		{8127AC00-ED3C-4680-BC78-F1650CEEBC74}.Debug|x64.Build.0 = Debug|Any CPU
		{8127AC00-ED3C-4680-BC78-F1650CEEBC74}.Debug|x86.ActiveCfg = Debug|Any CPU
		{8127AC00-ED3C-4680-BC78-F1650CEEBC74}.Debug|x86.Build.0 = Debug|Any CPU
		{8127AC00-ED3C-4680-BC78-F1650CEEBC74}.Release|Any CPU.ActiveCfg = Release|Any CPU
		{8127AC00-ED3C-4680-BC78-F1650CEEBC74}.Release|Any CPU.Build.0 = Release|Any CPU
		{8127AC00-ED3C-4680-BC78-F1650CEEBC74}.Release|x64.ActiveCfg = Release|Any CPU
		{8127AC00-ED3C-4680-BC78-F1650CEEBC74}.Release|x64.Build.0 = Release|Any CPU
		{8127AC00-ED3C-4680-BC78-F1650CEEBC74}.Release|x86.ActiveCfg = Release|Any CPU
		{8127AC00-ED3C-4680-BC78-F1650CEEBC74}.Release|x86.Build.0 = Release|Any CPU
		{AA74460C-E6A9-4300-8107-DB8530FD5A63}.Debug|Any CPU.ActiveCfg = Debug|Any CPU
		{AA74460C-E6A9-4300-8107-DB8530FD5A63}.Debug|Any CPU.Build.0 = Debug|Any CPU
		{AA74460C-E6A9-4300-8107-DB8530FD5A63}.Debug|x64.ActiveCfg = Debug|Any CPU
		{AA74460C-E6A9-4300-8107-DB8530FD5A63}.Debug|x64.Build.0 = Debug|Any CPU
		{AA74460C-E6A9-4300-8107-DB8530FD5A63}.Debug|x86.ActiveCfg = Debug|Any CPU
		{AA74460C-E6A9-4300-8107-DB8530FD5A63}.Debug|x86.Build.0 = Debug|Any CPU
		{AA74460C-E6A9-4300-8107-DB8530FD5A63}.Release|Any CPU.ActiveCfg = Release|Any CPU
		{AA74460C-E6A9-4300-8107-DB8530FD5A63}.Release|Any CPU.Build.0 = Release|Any CPU
		{AA74460C-E6A9-4300-8107-DB8530FD5A63}.Release|x64.ActiveCfg = Release|Any CPU
		{AA74460C-E6A9-4300-8107-DB8530FD5A63}.Release|x64.Build.0 = Release|Any CPU
		{AA74460C-E6A9-4300-8107-DB8530FD5A63}.Release|x86.ActiveCfg = Release|Any CPU
		{AA74460C-E6A9-4300-8107-DB8530FD5A63}.Release|x86.Build.0 = Release|Any CPU
		{812D419E-1835-4C95-A8FB-5C34D58F07F8}.Debug|Any CPU.ActiveCfg = Debug|Any CPU
		{812D419E-1835-4C95-A8FB-5C34D58F07F8}.Debug|Any CPU.Build.0 = Debug|Any CPU
		{812D419E-1835-4C95-A8FB-5C34D58F07F8}.Debug|x64.ActiveCfg = Debug|Any CPU
		{812D419E-1835-4C95-A8FB-5C34D58F07F8}.Debug|x64.Build.0 = Debug|Any CPU
		{812D419E-1835-4C95-A8FB-5C34D58F07F8}.Debug|x86.ActiveCfg = Debug|Any CPU
		{812D419E-1835-4C95-A8FB-5C34D58F07F8}.Debug|x86.Build.0 = Debug|Any CPU
		{812D419E-1835-4C95-A8FB-5C34D58F07F8}.Release|Any CPU.ActiveCfg = Release|Any CPU
		{812D419E-1835-4C95-A8FB-5C34D58F07F8}.Release|Any CPU.Build.0 = Release|Any CPU
		{812D419E-1835-4C95-A8FB-5C34D58F07F8}.Release|x64.ActiveCfg = Release|Any CPU
		{812D419E-1835-4C95-A8FB-5C34D58F07F8}.Release|x64.Build.0 = Release|Any CPU
		{812D419E-1835-4C95-A8FB-5C34D58F07F8}.Release|x86.ActiveCfg = Release|Any CPU
		{812D419E-1835-4C95-A8FB-5C34D58F07F8}.Release|x86.Build.0 = Release|Any CPU
		{D29C272B-BD87-44B9-AB90-2C78EBB93BDE}.Debug|Any CPU.ActiveCfg = Debug|Any CPU
		{D29C272B-BD87-44B9-AB90-2C78EBB93BDE}.Debug|Any CPU.Build.0 = Debug|Any CPU
		{D29C272B-BD87-44B9-AB90-2C78EBB93BDE}.Debug|x64.ActiveCfg = Debug|Any CPU
		{D29C272B-BD87-44B9-AB90-2C78EBB93BDE}.Debug|x64.Build.0 = Debug|Any CPU
		{D29C272B-BD87-44B9-AB90-2C78EBB93BDE}.Debug|x86.ActiveCfg = Debug|Any CPU
		{D29C272B-BD87-44B9-AB90-2C78EBB93BDE}.Debug|x86.Build.0 = Debug|Any CPU
		{D29C272B-BD87-44B9-AB90-2C78EBB93BDE}.Release|Any CPU.ActiveCfg = Release|Any CPU
		{D29C272B-BD87-44B9-AB90-2C78EBB93BDE}.Release|Any CPU.Build.0 = Release|Any CPU
		{D29C272B-BD87-44B9-AB90-2C78EBB93BDE}.Release|x64.ActiveCfg = Release|Any CPU
		{D29C272B-BD87-44B9-AB90-2C78EBB93BDE}.Release|x64.Build.0 = Release|Any CPU
		{D29C272B-BD87-44B9-AB90-2C78EBB93BDE}.Release|x86.ActiveCfg = Release|Any CPU
		{D29C272B-BD87-44B9-AB90-2C78EBB93BDE}.Release|x86.Build.0 = Release|Any CPU
		{B851D302-7A31-4814-A1F9-44A144B9EB76}.Debug|Any CPU.ActiveCfg = Debug|Any CPU
		{B851D302-7A31-4814-A1F9-44A144B9EB76}.Debug|Any CPU.Build.0 = Debug|Any CPU
		{B851D302-7A31-4814-A1F9-44A144B9EB76}.Debug|x64.ActiveCfg = Debug|Any CPU
		{B851D302-7A31-4814-A1F9-44A144B9EB76}.Debug|x64.Build.0 = Debug|Any CPU
		{B851D302-7A31-4814-A1F9-44A144B9EB76}.Debug|x86.ActiveCfg = Debug|Any CPU
		{B851D302-7A31-4814-A1F9-44A144B9EB76}.Debug|x86.Build.0 = Debug|Any CPU
		{B851D302-7A31-4814-A1F9-44A144B9EB76}.Release|Any CPU.ActiveCfg = Release|Any CPU
		{B851D302-7A31-4814-A1F9-44A144B9EB76}.Release|Any CPU.Build.0 = Release|Any CPU
		{B851D302-7A31-4814-A1F9-44A144B9EB76}.Release|x64.ActiveCfg = Release|Any CPU
		{B851D302-7A31-4814-A1F9-44A144B9EB76}.Release|x64.Build.0 = Release|Any CPU
		{B851D302-7A31-4814-A1F9-44A144B9EB76}.Release|x86.ActiveCfg = Release|Any CPU
		{B851D302-7A31-4814-A1F9-44A144B9EB76}.Release|x86.Build.0 = Release|Any CPU
		{C2B5D90B-8A64-41A8-9DF1-C55A691B0308}.Debug|Any CPU.ActiveCfg = Debug|Any CPU
		{C2B5D90B-8A64-41A8-9DF1-C55A691B0308}.Debug|Any CPU.Build.0 = Debug|Any CPU
		{C2B5D90B-8A64-41A8-9DF1-C55A691B0308}.Debug|x64.ActiveCfg = Debug|Any CPU
		{C2B5D90B-8A64-41A8-9DF1-C55A691B0308}.Debug|x64.Build.0 = Debug|Any CPU
		{C2B5D90B-8A64-41A8-9DF1-C55A691B0308}.Debug|x86.ActiveCfg = Debug|Any CPU
		{C2B5D90B-8A64-41A8-9DF1-C55A691B0308}.Debug|x86.Build.0 = Debug|Any CPU
		{C2B5D90B-8A64-41A8-9DF1-C55A691B0308}.Release|Any CPU.ActiveCfg = Release|Any CPU
		{C2B5D90B-8A64-41A8-9DF1-C55A691B0308}.Release|Any CPU.Build.0 = Release|Any CPU
		{C2B5D90B-8A64-41A8-9DF1-C55A691B0308}.Release|x64.ActiveCfg = Release|Any CPU
		{C2B5D90B-8A64-41A8-9DF1-C55A691B0308}.Release|x64.Build.0 = Release|Any CPU
		{C2B5D90B-8A64-41A8-9DF1-C55A691B0308}.Release|x86.ActiveCfg = Release|Any CPU
		{C2B5D90B-8A64-41A8-9DF1-C55A691B0308}.Release|x86.Build.0 = Release|Any CPU
		{F7B4A31E-7ED5-4B88-8E0D-915B8BDA709A}.Debug|Any CPU.ActiveCfg = Debug|Any CPU
		{F7B4A31E-7ED5-4B88-8E0D-915B8BDA709A}.Debug|Any CPU.Build.0 = Debug|Any CPU
		{F7B4A31E-7ED5-4B88-8E0D-915B8BDA709A}.Debug|x64.ActiveCfg = Debug|Any CPU
		{F7B4A31E-7ED5-4B88-8E0D-915B8BDA709A}.Debug|x64.Build.0 = Debug|Any CPU
		{F7B4A31E-7ED5-4B88-8E0D-915B8BDA709A}.Debug|x86.ActiveCfg = Debug|Any CPU
		{F7B4A31E-7ED5-4B88-8E0D-915B8BDA709A}.Debug|x86.Build.0 = Debug|Any CPU
		{F7B4A31E-7ED5-4B88-8E0D-915B8BDA709A}.Release|Any CPU.ActiveCfg = Release|Any CPU
		{F7B4A31E-7ED5-4B88-8E0D-915B8BDA709A}.Release|Any CPU.Build.0 = Release|Any CPU
		{F7B4A31E-7ED5-4B88-8E0D-915B8BDA709A}.Release|x64.ActiveCfg = Release|Any CPU
		{F7B4A31E-7ED5-4B88-8E0D-915B8BDA709A}.Release|x64.Build.0 = Release|Any CPU
		{F7B4A31E-7ED5-4B88-8E0D-915B8BDA709A}.Release|x86.ActiveCfg = Release|Any CPU
		{F7B4A31E-7ED5-4B88-8E0D-915B8BDA709A}.Release|x86.Build.0 = Release|Any CPU
		{444CC57E-CDF2-4A84-B4C3-BE1012CF4E8A}.Debug|Any CPU.ActiveCfg = Debug|Any CPU
		{444CC57E-CDF2-4A84-B4C3-BE1012CF4E8A}.Debug|Any CPU.Build.0 = Debug|Any CPU
		{444CC57E-CDF2-4A84-B4C3-BE1012CF4E8A}.Debug|x64.ActiveCfg = Debug|Any CPU
		{444CC57E-CDF2-4A84-B4C3-BE1012CF4E8A}.Debug|x64.Build.0 = Debug|Any CPU
		{444CC57E-CDF2-4A84-B4C3-BE1012CF4E8A}.Debug|x86.ActiveCfg = Debug|Any CPU
		{444CC57E-CDF2-4A84-B4C3-BE1012CF4E8A}.Debug|x86.Build.0 = Debug|Any CPU
		{444CC57E-CDF2-4A84-B4C3-BE1012CF4E8A}.Release|Any CPU.ActiveCfg = Release|Any CPU
		{444CC57E-CDF2-4A84-B4C3-BE1012CF4E8A}.Release|Any CPU.Build.0 = Release|Any CPU
		{444CC57E-CDF2-4A84-B4C3-BE1012CF4E8A}.Release|x64.ActiveCfg = Release|Any CPU
		{444CC57E-CDF2-4A84-B4C3-BE1012CF4E8A}.Release|x64.Build.0 = Release|Any CPU
		{444CC57E-CDF2-4A84-B4C3-BE1012CF4E8A}.Release|x86.ActiveCfg = Release|Any CPU
		{444CC57E-CDF2-4A84-B4C3-BE1012CF4E8A}.Release|x86.Build.0 = Release|Any CPU
		{9F32D21A-223E-4EE7-8843-4F7A13BCC035}.Debug|Any CPU.ActiveCfg = Debug|Any CPU
		{9F32D21A-223E-4EE7-8843-4F7A13BCC035}.Debug|Any CPU.Build.0 = Debug|Any CPU
		{9F32D21A-223E-4EE7-8843-4F7A13BCC035}.Debug|x64.ActiveCfg = Debug|Any CPU
		{9F32D21A-223E-4EE7-8843-4F7A13BCC035}.Debug|x64.Build.0 = Debug|Any CPU
		{9F32D21A-223E-4EE7-8843-4F7A13BCC035}.Debug|x86.ActiveCfg = Debug|Any CPU
		{9F32D21A-223E-4EE7-8843-4F7A13BCC035}.Debug|x86.Build.0 = Debug|Any CPU
		{9F32D21A-223E-4EE7-8843-4F7A13BCC035}.Release|Any CPU.ActiveCfg = Release|Any CPU
		{9F32D21A-223E-4EE7-8843-4F7A13BCC035}.Release|Any CPU.Build.0 = Release|Any CPU
		{9F32D21A-223E-4EE7-8843-4F7A13BCC035}.Release|x64.ActiveCfg = Release|Any CPU
		{9F32D21A-223E-4EE7-8843-4F7A13BCC035}.Release|x64.Build.0 = Release|Any CPU
		{9F32D21A-223E-4EE7-8843-4F7A13BCC035}.Release|x86.ActiveCfg = Release|Any CPU
		{9F32D21A-223E-4EE7-8843-4F7A13BCC035}.Release|x86.Build.0 = Release|Any CPU
		{CE219E3C-E810-43DE-AFF3-ACFDFE045F3E}.Debug|Any CPU.ActiveCfg = Debug|Any CPU
		{CE219E3C-E810-43DE-AFF3-ACFDFE045F3E}.Debug|Any CPU.Build.0 = Debug|Any CPU
		{CE219E3C-E810-43DE-AFF3-ACFDFE045F3E}.Debug|x64.ActiveCfg = Debug|Any CPU
		{CE219E3C-E810-43DE-AFF3-ACFDFE045F3E}.Debug|x64.Build.0 = Debug|Any CPU
		{CE219E3C-E810-43DE-AFF3-ACFDFE045F3E}.Debug|x86.ActiveCfg = Debug|Any CPU
		{CE219E3C-E810-43DE-AFF3-ACFDFE045F3E}.Debug|x86.Build.0 = Debug|Any CPU
		{CE219E3C-E810-43DE-AFF3-ACFDFE045F3E}.Release|Any CPU.ActiveCfg = Release|Any CPU
		{CE219E3C-E810-43DE-AFF3-ACFDFE045F3E}.Release|Any CPU.Build.0 = Release|Any CPU
		{CE219E3C-E810-43DE-AFF3-ACFDFE045F3E}.Release|x64.ActiveCfg = Release|Any CPU
		{CE219E3C-E810-43DE-AFF3-ACFDFE045F3E}.Release|x64.Build.0 = Release|Any CPU
		{CE219E3C-E810-43DE-AFF3-ACFDFE045F3E}.Release|x86.ActiveCfg = Release|Any CPU
		{CE219E3C-E810-43DE-AFF3-ACFDFE045F3E}.Release|x86.Build.0 = Release|Any CPU
	EndGlobalSection
	GlobalSection(SolutionProperties) = preSolution
		HideSolutionNode = FALSE
	EndGlobalSection
	GlobalSection(NestedProjects) = preSolution
		{8127AC00-ED3C-4680-BC78-F1650CEEBC74} = {04BFFE49-CA8F-4352-A6D9-8F8CA55531EF}
		{812D419E-1835-4C95-A8FB-5C34D58F07F8} = {04BFFE49-CA8F-4352-A6D9-8F8CA55531EF}
		{B851D302-7A31-4814-A1F9-44A144B9EB76} = {04BFFE49-CA8F-4352-A6D9-8F8CA55531EF}
		{C2B5D90B-8A64-41A8-9DF1-C55A691B0308} = {04BFFE49-CA8F-4352-A6D9-8F8CA55531EF}
		{F7B4A31E-7ED5-4B88-8E0D-915B8BDA709A} = {04BFFE49-CA8F-4352-A6D9-8F8CA55531EF}
		{444CC57E-CDF2-4A84-B4C3-BE1012CF4E8A} = {04BFFE49-CA8F-4352-A6D9-8F8CA55531EF}
		{9F32D21A-223E-4EE7-8843-4F7A13BCC035} = {04BFFE49-CA8F-4352-A6D9-8F8CA55531EF}
		{CE219E3C-E810-43DE-AFF3-ACFDFE045F3E} = {04BFFE49-CA8F-4352-A6D9-8F8CA55531EF}
	EndGlobalSection
	GlobalSection(ExtensibilityGlobals) = postSolution
		SolutionGuid = {1BF0D414-7876-402A-8CF1-A96B7EE60429}
	EndGlobalSection
EndGlobal
